
Microsoft Visual Studio Solution File, Format Version 12.00
# Visual Studio 2012
Project("{FAE04EC0-301F-11D3-BF4B-00C04F79EFBC}") = "Yelp.Api.Reloaded", "Yelp.Api.Reloaded\Yelp.Api.Reloaded.csproj", "{A8968FA0-EAFB-4CC2-AC0C-BA28F02CC83F}"
EndProject
Global
	GlobalSection(SolutionConfigurationPlatforms) = preSolution
		Debug|Any CPU = Debug|Any CPU
		Release|Any CPU = Release|Any CPU
	EndGlobalSection
	GlobalSection(ProjectConfigurationPlatforms) = postSolution
		{A8968FA0-EAFB-4CC2-AC0C-BA28F02CC83F}.Debug|Any CPU.ActiveCfg = Debug|Any CPU
		{A8968FA0-EAFB-4CC2-AC0C-BA28F02CC83F}.Debug|Any CPU.Build.0 = Debug|Any CPU
		{A8968FA0-EAFB-4CC2-AC0C-BA28F02CC83F}.Release|Any CPU.ActiveCfg = Release|Any CPU
		{A8968FA0-EAFB-4CC2-AC0C-BA28F02CC83F}.Release|Any CPU.Build.0 = Release|Any CPU
	EndGlobalSection
	GlobalSection(SolutionProperties) = preSolution
		HideSolutionNode = FALSE
	EndGlobalSection
EndGlobal
